// !$*UTF8*$!
{
	archiveVersion = 1;
	classes = {
	};
	objectVersion = 55;
	objects = {

/* Begin PBXBuildFile section */
		1A18280C28A76AFD008DB610 /* Tests_iOS.swift in Sources */ = {isa = PBXBuildFile; fileRef = 1A18280B28A76AFD008DB610 /* Tests_iOS.swift */; };
		1A18280E28A76AFD008DB610 /* Tests_iOSLaunchTests.swift in Sources */ = {isa = PBXBuildFile; fileRef = 1A18280D28A76AFD008DB610 /* Tests_iOSLaunchTests.swift */; };
		1A18281828A76AFD008DB610 /* Tests_macOS.swift in Sources */ = {isa = PBXBuildFile; fileRef = 1A18281728A76AFD008DB610 /* Tests_macOS.swift */; };
		1A18281A28A76AFD008DB610 /* Tests_macOSLaunchTests.swift in Sources */ = {isa = PBXBuildFile; fileRef = 1A18281928A76AFD008DB610 /* Tests_macOSLaunchTests.swift */; };
		1A18281B28A76AFD008DB610 /* SodaApp.swift in Sources */ = {isa = PBXBuildFile; fileRef = 1A1827F328A76AFA008DB610 /* SodaApp.swift */; };
		1A18281C28A76AFD008DB610 /* SodaApp.swift in Sources */ = {isa = PBXBuildFile; fileRef = 1A1827F328A76AFA008DB610 /* SodaApp.swift */; };
		1A18281D28A76AFD008DB610 /* ContentView.swift in Sources */ = {isa = PBXBuildFile; fileRef = 1A1827F428A76AFA008DB610 /* ContentView.swift */; };
		1A18281E28A76AFD008DB610 /* ContentView.swift in Sources */ = {isa = PBXBuildFile; fileRef = 1A1827F428A76AFA008DB610 /* ContentView.swift */; };
		1A18281F28A76AFD008DB610 /* Assets.xcassets in Resources */ = {isa = PBXBuildFile; fileRef = 1A1827F528A76AFD008DB610 /* Assets.xcassets */; };
		1A18282028A76AFD008DB610 /* Assets.xcassets in Resources */ = {isa = PBXBuildFile; fileRef = 1A1827F528A76AFD008DB610 /* Assets.xcassets */; };
		1A18283028A83E1F008DB610 /* LoadingBar.swift in Sources */ = {isa = PBXBuildFile; fileRef = 1A18282F28A83E1F008DB610 /* LoadingBar.swift */; };
		1A18283128A83E1F008DB610 /* LoadingBar.swift in Sources */ = {isa = PBXBuildFile; fileRef = 1A18282F28A83E1F008DB610 /* LoadingBar.swift */; };
		1A18283328A84459008DB610 /* CountTimer.swift in Sources */ = {isa = PBXBuildFile; fileRef = 1A18283228A84459008DB610 /* CountTimer.swift */; };
		1A18283428A84459008DB610 /* CountTimer.swift in Sources */ = {isa = PBXBuildFile; fileRef = 1A18283228A84459008DB610 /* CountTimer.swift */; };
		1A5B83AE28AC38CE00E95676 /* info.plist in Resources */ = {isa = PBXBuildFile; fileRef = 1A5B83AD28AC38CE00E95676 /* info.plist */; };
		1A8ABC1B28AC3F0D00F23CB0 /* SpotifyController.swift in Sources */ = {isa = PBXBuildFile; fileRef = 1A8ABC1A28AC3F0D00F23CB0 /* SpotifyController.swift */; };
		1A8ABC3428AC49A300F23CB0 /* SpotifyiOS.xcframework in Frameworks */ = {isa = PBXBuildFile; fileRef = 1A8ABC3328AC49A300F23CB0 /* SpotifyiOS.xcframework */; };
		1A8ABC3528AC49A300F23CB0 /* SpotifyiOS.xcframework in Embed Frameworks */ = {isa = PBXBuildFile; fileRef = 1A8ABC3328AC49A300F23CB0 /* SpotifyiOS.xcframework */; settings = {ATTRIBUTES = (CodeSignOnCopy, RemoveHeadersOnCopy, ); }; };
/* End PBXBuildFile section */

/* Begin PBXContainerItemProxy section */
		1A18280828A76AFD008DB610 /* PBXContainerItemProxy */ = {
			isa = PBXContainerItemProxy;
			containerPortal = 1A1827EE28A76AFA008DB610 /* Project object */;
			proxyType = 1;
			remoteGlobalIDString = 1A1827F928A76AFD008DB610;
			remoteInfo = "Soda (iOS)";
		};
		1A18281428A76AFD008DB610 /* PBXContainerItemProxy */ = {
			isa = PBXContainerItemProxy;
			containerPortal = 1A1827EE28A76AFA008DB610 /* Project object */;
			proxyType = 1;
			remoteGlobalIDString = 1A1827FF28A76AFD008DB610;
			remoteInfo = "Soda (macOS)";
		};
/* End PBXContainerItemProxy section */

/* Begin PBXCopyFilesBuildPhase section */
		1A8ABC3228AC48F700F23CB0 /* Embed Frameworks */ = {
			isa = PBXCopyFilesBuildPhase;
			buildActionMask = 2147483647;
			dstPath = "";
			dstSubfolderSpec = 10;
			files = (
				1A8ABC3528AC49A300F23CB0 /* SpotifyiOS.xcframework in Embed Frameworks */,
			);
			name = "Embed Frameworks";
			runOnlyForDeploymentPostprocessing = 0;
		};
/* End PBXCopyFilesBuildPhase section */

/* Begin PBXFileReference section */
		1A1827F328A76AFA008DB610 /* SodaApp.swift */ = {isa = PBXFileReference; lastKnownFileType = sourcecode.swift; path = SodaApp.swift; sourceTree = "<group>"; };
		1A1827F428A76AFA008DB610 /* ContentView.swift */ = {isa = PBXFileReference; lastKnownFileType = sourcecode.swift; path = ContentView.swift; sourceTree = "<group>"; };
		1A1827F528A76AFD008DB610 /* Assets.xcassets */ = {isa = PBXFileReference; lastKnownFileType = folder.assetcatalog; path = Assets.xcassets; sourceTree = "<group>"; };
		1A1827FA28A76AFD008DB610 /* Soda.app */ = {isa = PBXFileReference; explicitFileType = wrapper.application; includeInIndex = 0; path = Soda.app; sourceTree = BUILT_PRODUCTS_DIR; };
		1A18280028A76AFD008DB610 /* Soda.app */ = {isa = PBXFileReference; explicitFileType = wrapper.application; includeInIndex = 0; path = Soda.app; sourceTree = BUILT_PRODUCTS_DIR; };
		1A18280228A76AFD008DB610 /* macOS.entitlements */ = {isa = PBXFileReference; lastKnownFileType = text.plist.entitlements; path = macOS.entitlements; sourceTree = "<group>"; };
		1A18280728A76AFD008DB610 /* Tests iOS.xctest */ = {isa = PBXFileReference; explicitFileType = wrapper.cfbundle; includeInIndex = 0; path = "Tests iOS.xctest"; sourceTree = BUILT_PRODUCTS_DIR; };
		1A18280B28A76AFD008DB610 /* Tests_iOS.swift */ = {isa = PBXFileReference; lastKnownFileType = sourcecode.swift; path = Tests_iOS.swift; sourceTree = "<group>"; };
		1A18280D28A76AFD008DB610 /* Tests_iOSLaunchTests.swift */ = {isa = PBXFileReference; lastKnownFileType = sourcecode.swift; path = Tests_iOSLaunchTests.swift; sourceTree = "<group>"; };
		1A18281328A76AFD008DB610 /* Tests macOS.xctest */ = {isa = PBXFileReference; explicitFileType = wrapper.cfbundle; includeInIndex = 0; path = "Tests macOS.xctest"; sourceTree = BUILT_PRODUCTS_DIR; };
		1A18281728A76AFD008DB610 /* Tests_macOS.swift */ = {isa = PBXFileReference; lastKnownFileType = sourcecode.swift; path = Tests_macOS.swift; sourceTree = "<group>"; };
		1A18281928A76AFD008DB610 /* Tests_macOSLaunchTests.swift */ = {isa = PBXFileReference; lastKnownFileType = sourcecode.swift; path = Tests_macOSLaunchTests.swift; sourceTree = "<group>"; };
		1A18282F28A83E1F008DB610 /* LoadingBar.swift */ = {isa = PBXFileReference; lastKnownFileType = sourcecode.swift; path = LoadingBar.swift; sourceTree = "<group>"; };
		1A18283228A84459008DB610 /* CountTimer.swift */ = {isa = PBXFileReference; lastKnownFileType = sourcecode.swift; path = CountTimer.swift; sourceTree = "<group>"; };
		1A5B83AD28AC38CE00E95676 /* info.plist */ = {isa = PBXFileReference; lastKnownFileType = text.plist.xml; path = info.plist; sourceTree = "<group>"; };
		1A8ABC1928AC3D0B00F23CB0 /* Soda-Bridging-Header.h */ = {isa = PBXFileReference; lastKnownFileType = sourcecode.c.h; path = "Soda-Bridging-Header.h"; sourceTree = "<group>"; };
		1A8ABC1A28AC3F0D00F23CB0 /* SpotifyController.swift */ = {isa = PBXFileReference; lastKnownFileType = sourcecode.swift; path = SpotifyController.swift; sourceTree = "<group>"; };
		1A8ABC3328AC49A300F23CB0 /* SpotifyiOS.xcframework */ = {isa = PBXFileReference; lastKnownFileType = wrapper.xcframework; path = SpotifyiOS.xcframework; sourceTree = "<group>"; };
/* End PBXFileReference section */

/* Begin PBXFrameworksBuildPhase section */
		1A1827F728A76AFD008DB610 /* Frameworks */ = {
			isa = PBXFrameworksBuildPhase;
			buildActionMask = 2147483647;
			files = (
				1A8ABC3428AC49A300F23CB0 /* SpotifyiOS.xcframework in Frameworks */,
			);
			runOnlyForDeploymentPostprocessing = 0;
		};
		1A1827FD28A76AFD008DB610 /* Frameworks */ = {
			isa = PBXFrameworksBuildPhase;
			buildActionMask = 2147483647;
			files = (
			);
			runOnlyForDeploymentPostprocessing = 0;
		};
		1A18280428A76AFD008DB610 /* Frameworks */ = {
			isa = PBXFrameworksBuildPhase;
			buildActionMask = 2147483647;
			files = (
			);
			runOnlyForDeploymentPostprocessing = 0;
		};
		1A18281028A76AFD008DB610 /* Frameworks */ = {
			isa = PBXFrameworksBuildPhase;
			buildActionMask = 2147483647;
			files = (
			);
			runOnlyForDeploymentPostprocessing = 0;
		};
/* End PBXFrameworksBuildPhase section */

/* Begin PBXGroup section */
		1A1827ED28A76AFA008DB610 = {
			isa = PBXGroup;
			children = (
				1A8ABC1928AC3D0B00F23CB0 /* Soda-Bridging-Header.h */,
				1A5B83AD28AC38CE00E95676 /* info.plist */,
				1A1827F228A76AFA008DB610 /* Shared */,
				1A18280128A76AFD008DB610 /* macOS */,
				1A18280A28A76AFD008DB610 /* Tests iOS */,
				1A18281628A76AFD008DB610 /* Tests macOS */,
				1A1827FB28A76AFD008DB610 /* Products */,
				1A8ABC2E28AC48F600F23CB0 /* Frameworks */,
			);
			sourceTree = "<group>";
		};
		1A1827F228A76AFA008DB610 /* Shared */ = {
			isa = PBXGroup;
			children = (
				1A8ABC1A28AC3F0D00F23CB0 /* SpotifyController.swift */,
				1A1827F328A76AFA008DB610 /* SodaApp.swift */,
				1A1827F428A76AFA008DB610 /* ContentView.swift */,
				1A1827F528A76AFD008DB610 /* Assets.xcassets */,
				1A18282F28A83E1F008DB610 /* LoadingBar.swift */,
				1A18283228A84459008DB610 /* CountTimer.swift */,
			);
			path = Shared;
			sourceTree = "<group>";
		};
		1A1827FB28A76AFD008DB610 /* Products */ = {
			isa = PBXGroup;
			children = (
				1A1827FA28A76AFD008DB610 /* Soda.app */,
				1A18280028A76AFD008DB610 /* Soda.app */,
				1A18280728A76AFD008DB610 /* Tests iOS.xctest */,
				1A18281328A76AFD008DB610 /* Tests macOS.xctest */,
			);
			name = Products;
			sourceTree = "<group>";
		};
		1A18280128A76AFD008DB610 /* macOS */ = {
			isa = PBXGroup;
			children = (
				1A18280228A76AFD008DB610 /* macOS.entitlements */,
			);
			path = macOS;
			sourceTree = "<group>";
		};
		1A18280A28A76AFD008DB610 /* Tests iOS */ = {
			isa = PBXGroup;
			children = (
				1A18280B28A76AFD008DB610 /* Tests_iOS.swift */,
				1A18280D28A76AFD008DB610 /* Tests_iOSLaunchTests.swift */,
			);
			path = "Tests iOS";
			sourceTree = "<group>";
		};
		1A18281628A76AFD008DB610 /* Tests macOS */ = {
			isa = PBXGroup;
			children = (
				1A18281728A76AFD008DB610 /* Tests_macOS.swift */,
				1A18281928A76AFD008DB610 /* Tests_macOSLaunchTests.swift */,
			);
			path = "Tests macOS";
			sourceTree = "<group>";
		};
		1A8ABC2E28AC48F600F23CB0 /* Frameworks */ = {
			isa = PBXGroup;
			children = (
				1A8ABC3328AC49A300F23CB0 /* SpotifyiOS.xcframework */,
			);
			name = Frameworks;
			sourceTree = "<group>";
		};
/* End PBXGroup section */

/* Begin PBXNativeTarget section */
		1A1827F928A76AFD008DB610 /* Soda (iOS) */ = {
			isa = PBXNativeTarget;
			buildConfigurationList = 1A18282328A76AFD008DB610 /* Build configuration list for PBXNativeTarget "Soda (iOS)" */;
			buildPhases = (
				1A1827F628A76AFD008DB610 /* Sources */,
				1A1827F728A76AFD008DB610 /* Frameworks */,
				1A1827F828A76AFD008DB610 /* Resources */,
				1A8ABC3228AC48F700F23CB0 /* Embed Frameworks */,
			);
			buildRules = (
			);
			dependencies = (
			);
			name = "Soda (iOS)";
			packageProductDependencies = (
			);
			productName = "Soda (iOS)";
			productReference = 1A1827FA28A76AFD008DB610 /* Soda.app */;
			productType = "com.apple.product-type.application";
		};
		1A1827FF28A76AFD008DB610 /* Soda (macOS) */ = {
			isa = PBXNativeTarget;
			buildConfigurationList = 1A18282628A76AFD008DB610 /* Build configuration list for PBXNativeTarget "Soda (macOS)" */;
			buildPhases = (
				1A1827FC28A76AFD008DB610 /* Sources */,
				1A1827FD28A76AFD008DB610 /* Frameworks */,
				1A1827FE28A76AFD008DB610 /* Resources */,
			);
			buildRules = (
			);
			dependencies = (
			);
			name = "Soda (macOS)";
			productName = "Soda (macOS)";
			productReference = 1A18280028A76AFD008DB610 /* Soda.app */;
			productType = "com.apple.product-type.application";
		};
		1A18280628A76AFD008DB610 /* Tests iOS */ = {
			isa = PBXNativeTarget;
			buildConfigurationList = 1A18282928A76AFD008DB610 /* Build configuration list for PBXNativeTarget "Tests iOS" */;
			buildPhases = (
				1A18280328A76AFD008DB610 /* Sources */,
				1A18280428A76AFD008DB610 /* Frameworks */,
				1A18280528A76AFD008DB610 /* Resources */,
			);
			buildRules = (
			);
			dependencies = (
				1A18280928A76AFD008DB610 /* PBXTargetDependency */,
			);
			name = "Tests iOS";
			productName = "Tests iOS";
			productReference = 1A18280728A76AFD008DB610 /* Tests iOS.xctest */;
			productType = "com.apple.product-type.bundle.ui-testing";
		};
		1A18281228A76AFD008DB610 /* Tests macOS */ = {
			isa = PBXNativeTarget;
			buildConfigurationList = 1A18282C28A76AFD008DB610 /* Build configuration list for PBXNativeTarget "Tests macOS" */;
			buildPhases = (
				1A18280F28A76AFD008DB610 /* Sources */,
				1A18281028A76AFD008DB610 /* Frameworks */,
				1A18281128A76AFD008DB610 /* Resources */,
			);
			buildRules = (
			);
			dependencies = (
				1A18281528A76AFD008DB610 /* PBXTargetDependency */,
			);
			name = "Tests macOS";
			productName = "Tests macOS";
			productReference = 1A18281328A76AFD008DB610 /* Tests macOS.xctest */;
			productType = "com.apple.product-type.bundle.ui-testing";
		};
/* End PBXNativeTarget section */

/* Begin PBXProject section */
		1A1827EE28A76AFA008DB610 /* Project object */ = {
			isa = PBXProject;
			attributes = {
				BuildIndependentTargetsInParallel = 1;
				LastSwiftUpdateCheck = 1330;
				LastUpgradeCheck = 1330;
				TargetAttributes = {
					1A1827F928A76AFD008DB610 = {
						CreatedOnToolsVersion = 13.3.1;
					};
					1A1827FF28A76AFD008DB610 = {
						CreatedOnToolsVersion = 13.3.1;
					};
					1A18280628A76AFD008DB610 = {
						CreatedOnToolsVersion = 13.3.1;
						TestTargetID = 1A1827F928A76AFD008DB610;
					};
					1A18281228A76AFD008DB610 = {
						CreatedOnToolsVersion = 13.3.1;
						TestTargetID = 1A1827FF28A76AFD008DB610;
					};
				};
			};
			buildConfigurationList = 1A1827F128A76AFA008DB610 /* Build configuration list for PBXProject "Soda" */;
			compatibilityVersion = "Xcode 13.0";
			developmentRegion = en;
			hasScannedForEncodings = 0;
			knownRegions = (
				en,
				Base,
			);
			mainGroup = 1A1827ED28A76AFA008DB610;
			packageReferences = (
			);
			productRefGroup = 1A1827FB28A76AFD008DB610 /* Products */;
			projectDirPath = "";
			projectRoot = "";
			targets = (
				1A1827F928A76AFD008DB610 /* Soda (iOS) */,
				1A1827FF28A76AFD008DB610 /* Soda (macOS) */,
				1A18280628A76AFD008DB610 /* Tests iOS */,
				1A18281228A76AFD008DB610 /* Tests macOS */,
			);
		};
/* End PBXProject section */

/* Begin PBXResourcesBuildPhase section */
		1A1827F828A76AFD008DB610 /* Resources */ = {
			isa = PBXResourcesBuildPhase;
			buildActionMask = 2147483647;
			files = (
				1A5B83AE28AC38CE00E95676 /* info.plist in Resources */,
				1A18281F28A76AFD008DB610 /* Assets.xcassets in Resources */,
			);
			runOnlyForDeploymentPostprocessing = 0;
		};
		1A1827FE28A76AFD008DB610 /* Resources */ = {
			isa = PBXResourcesBuildPhase;
			buildActionMask = 2147483647;
			files = (
				1A18282028A76AFD008DB610 /* Assets.xcassets in Resources */,
			);
			runOnlyForDeploymentPostprocessing = 0;
		};
		1A18280528A76AFD008DB610 /* Resources */ = {
			isa = PBXResourcesBuildPhase;
			buildActionMask = 2147483647;
			files = (
			);
			runOnlyForDeploymentPostprocessing = 0;
		};
		1A18281128A76AFD008DB610 /* Resources */ = {
			isa = PBXResourcesBuildPhase;
			buildActionMask = 2147483647;
			files = (
			);
			runOnlyForDeploymentPostprocessing = 0;
		};
/* End PBXResourcesBuildPhase section */

/* Begin PBXSourcesBuildPhase section */
		1A1827F628A76AFD008DB610 /* Sources */ = {
			isa = PBXSourcesBuildPhase;
			buildActionMask = 2147483647;
			files = (
				1A18281D28A76AFD008DB610 /* ContentView.swift in Sources */,
				1A18283328A84459008DB610 /* CountTimer.swift in Sources */,
				1A18283028A83E1F008DB610 /* LoadingBar.swift in Sources */,
				1A18281B28A76AFD008DB610 /* SodaApp.swift in Sources */,
				1A8ABC1B28AC3F0D00F23CB0 /* SpotifyController.swift in Sources */,
			);
			runOnlyForDeploymentPostprocessing = 0;
		};
		1A1827FC28A76AFD008DB610 /* Sources */ = {
			isa = PBXSourcesBuildPhase;
			buildActionMask = 2147483647;
			files = (
				1A18281E28A76AFD008DB610 /* ContentView.swift in Sources */,
				1A18283428A84459008DB610 /* CountTimer.swift in Sources */,
				1A18283128A83E1F008DB610 /* LoadingBar.swift in Sources */,
				1A18281C28A76AFD008DB610 /* SodaApp.swift in Sources */,
			);
			runOnlyForDeploymentPostprocessing = 0;
		};
		1A18280328A76AFD008DB610 /* Sources */ = {
			isa = PBXSourcesBuildPhase;
			buildActionMask = 2147483647;
			files = (
				1A18280E28A76AFD008DB610 /* Tests_iOSLaunchTests.swift in Sources */,
				1A18280C28A76AFD008DB610 /* Tests_iOS.swift in Sources */,
			);
			runOnlyForDeploymentPostprocessing = 0;
		};
		1A18280F28A76AFD008DB610 /* Sources */ = {
			isa = PBXSourcesBuildPhase;
			buildActionMask = 2147483647;
			files = (
				1A18281A28A76AFD008DB610 /* Tests_macOSLaunchTests.swift in Sources */,
				1A18281828A76AFD008DB610 /* Tests_macOS.swift in Sources */,
			);
			runOnlyForDeploymentPostprocessing = 0;
		};
/* End PBXSourcesBuildPhase section */

/* Begin PBXTargetDependency section */
		1A18280928A76AFD008DB610 /* PBXTargetDependency */ = {
			isa = PBXTargetDependency;
			target = 1A1827F928A76AFD008DB610 /* Soda (iOS) */;
			targetProxy = 1A18280828A76AFD008DB610 /* PBXContainerItemProxy */;
		};
		1A18281528A76AFD008DB610 /* PBXTargetDependency */ = {
			isa = PBXTargetDependency;
			target = 1A1827FF28A76AFD008DB610 /* Soda (macOS) */;
			targetProxy = 1A18281428A76AFD008DB610 /* PBXContainerItemProxy */;
		};
/* End PBXTargetDependency section */

/* Begin XCBuildConfiguration section */
		1A18282128A76AFD008DB610 /* Debug */ = {
			isa = XCBuildConfiguration;
			buildSettings = {
				ALWAYS_SEARCH_USER_PATHS = NO;
				CLANG_ANALYZER_NONNULL = YES;
				CLANG_ANALYZER_NUMBER_OBJECT_CONVERSION = YES_AGGRESSIVE;
				CLANG_CXX_LANGUAGE_STANDARD = "gnu++17";
				CLANG_ENABLE_MODULES = YES;
				CLANG_ENABLE_OBJC_ARC = YES;
				CLANG_ENABLE_OBJC_WEAK = YES;
				CLANG_WARN_BLOCK_CAPTURE_AUTORELEASING = YES;
				CLANG_WARN_BOOL_CONVERSION = YES;
				CLANG_WARN_COMMA = YES;
				CLANG_WARN_CONSTANT_CONVERSION = YES;
				CLANG_WARN_DEPRECATED_OBJC_IMPLEMENTATIONS = YES;
				CLANG_WARN_DIRECT_OBJC_ISA_USAGE = YES_ERROR;
				CLANG_WARN_DOCUMENTATION_COMMENTS = YES;
				CLANG_WARN_EMPTY_BODY = YES;
				CLANG_WARN_ENUM_CONVERSION = YES;
				CLANG_WARN_INFINITE_RECURSION = YES;
				CLANG_WARN_INT_CONVERSION = YES;
				CLANG_WARN_NON_LITERAL_NULL_CONVERSION = YES;
				CLANG_WARN_OBJC_IMPLICIT_RETAIN_SELF = YES;
				CLANG_WARN_OBJC_LITERAL_CONVERSION = YES;
				CLANG_WARN_OBJC_ROOT_CLASS = YES_ERROR;
				CLANG_WARN_QUOTED_INCLUDE_IN_FRAMEWORK_HEADER = YES;
				CLANG_WARN_RANGE_LOOP_ANALYSIS = YES;
				CLANG_WARN_STRICT_PROTOTYPES = YES;
				CLANG_WARN_SUSPICIOUS_MOVE = YES;
				CLANG_WARN_UNGUARDED_AVAILABILITY = YES_AGGRESSIVE;
				CLANG_WARN_UNREACHABLE_CODE = YES;
				CLANG_WARN__DUPLICATE_METHOD_MATCH = YES;
				COPY_PHASE_STRIP = NO;
				DEBUG_INFORMATION_FORMAT = dwarf;
				ENABLE_STRICT_OBJC_MSGSEND = YES;
				ENABLE_TESTABILITY = YES;
				GCC_C_LANGUAGE_STANDARD = gnu11;
				GCC_DYNAMIC_NO_PIC = NO;
				GCC_NO_COMMON_BLOCKS = YES;
				GCC_OPTIMIZATION_LEVEL = 0;
				GCC_PREPROCESSOR_DEFINITIONS = (
					"DEBUG=1",
					"$(inherited)",
				);
				GCC_WARN_64_TO_32_BIT_CONVERSION = YES;
				GCC_WARN_ABOUT_RETURN_TYPE = YES_ERROR;
				GCC_WARN_UNDECLARED_SELECTOR = YES;
				GCC_WARN_UNINITIALIZED_AUTOS = YES_AGGRESSIVE;
				GCC_WARN_UNUSED_FUNCTION = YES;
				GCC_WARN_UNUSED_VARIABLE = YES;
				MTL_ENABLE_DEBUG_INFO = INCLUDE_SOURCE;
				MTL_FAST_MATH = YES;
				ONLY_ACTIVE_ARCH = YES;
				SWIFT_ACTIVE_COMPILATION_CONDITIONS = DEBUG;
				SWIFT_OPTIMIZATION_LEVEL = "-Onone";
			};
			name = Debug;
		};
		1A18282228A76AFD008DB610 /* Release */ = {
			isa = XCBuildConfiguration;
			buildSettings = {
				ALWAYS_SEARCH_USER_PATHS = NO;
				CLANG_ANALYZER_NONNULL = YES;
				CLANG_ANALYZER_NUMBER_OBJECT_CONVERSION = YES_AGGRESSIVE;
				CLANG_CXX_LANGUAGE_STANDARD = "gnu++17";
				CLANG_ENABLE_MODULES = YES;
				CLANG_ENABLE_OBJC_ARC = YES;
				CLANG_ENABLE_OBJC_WEAK = YES;
				CLANG_WARN_BLOCK_CAPTURE_AUTORELEASING = YES;
				CLANG_WARN_BOOL_CONVERSION = YES;
				CLANG_WARN_COMMA = YES;
				CLANG_WARN_CONSTANT_CONVERSION = YES;
				CLANG_WARN_DEPRECATED_OBJC_IMPLEMENTATIONS = YES;
				CLANG_WARN_DIRECT_OBJC_ISA_USAGE = YES_ERROR;
				CLANG_WARN_DOCUMENTATION_COMMENTS = YES;
				CLANG_WARN_EMPTY_BODY = YES;
				CLANG_WARN_ENUM_CONVERSION = YES;
				CLANG_WARN_INFINITE_RECURSION = YES;
				CLANG_WARN_INT_CONVERSION = YES;
				CLANG_WARN_NON_LITERAL_NULL_CONVERSION = YES;
				CLANG_WARN_OBJC_IMPLICIT_RETAIN_SELF = YES;
				CLANG_WARN_OBJC_LITERAL_CONVERSION = YES;
				CLANG_WARN_OBJC_ROOT_CLASS = YES_ERROR;
				CLANG_WARN_QUOTED_INCLUDE_IN_FRAMEWORK_HEADER = YES;
				CLANG_WARN_RANGE_LOOP_ANALYSIS = YES;
				CLANG_WARN_STRICT_PROTOTYPES = YES;
				CLANG_WARN_SUSPICIOUS_MOVE = YES;
				CLANG_WARN_UNGUARDED_AVAILABILITY = YES_AGGRESSIVE;
				CLANG_WARN_UNREACHABLE_CODE = YES;
				CLANG_WARN__DUPLICATE_METHOD_MATCH = YES;
				COPY_PHASE_STRIP = NO;
				DEBUG_INFORMATION_FORMAT = "dwarf-with-dsym";
				ENABLE_NS_ASSERTIONS = NO;
				ENABLE_STRICT_OBJC_MSGSEND = YES;
				GCC_C_LANGUAGE_STANDARD = gnu11;
				GCC_NO_COMMON_BLOCKS = YES;
				GCC_WARN_64_TO_32_BIT_CONVERSION = YES;
				GCC_WARN_ABOUT_RETURN_TYPE = YES_ERROR;
				GCC_WARN_UNDECLARED_SELECTOR = YES;
				GCC_WARN_UNINITIALIZED_AUTOS = YES_AGGRESSIVE;
				GCC_WARN_UNUSED_FUNCTION = YES;
				GCC_WARN_UNUSED_VARIABLE = YES;
				MTL_ENABLE_DEBUG_INFO = NO;
				MTL_FAST_MATH = YES;
				SWIFT_COMPILATION_MODE = wholemodule;
				SWIFT_OPTIMIZATION_LEVEL = "-O";
			};
			name = Release;
		};
		1A18282428A76AFD008DB610 /* Debug */ = {
			isa = XCBuildConfiguration;
			buildSettings = {
				ASSETCATALOG_COMPILER_APPICON_NAME = AppIcon;
				ASSETCATALOG_COMPILER_GLOBAL_ACCENT_COLOR_NAME = AccentColor;
				CODE_SIGN_STYLE = Automatic;
				CURRENT_PROJECT_VERSION = 1;
				DEVELOPMENT_TEAM = 28Q897DJW4;
				ENABLE_PREVIEWS = YES;
				FRAMEWORK_SEARCH_PATHS = (
					"$(inherited)",
					"$(PROJECT_DIR)",
					"$(PROJECT_DIR)/Shared",
				);
				GENERATE_INFOPLIST_FILE = YES;
				INFOPLIST_KEY_UIApplicationSceneManifest_Generation = YES;
				INFOPLIST_KEY_UIApplicationSupportsIndirectInputEvents = YES;
				INFOPLIST_KEY_UILaunchScreen_Generation = YES;
				INFOPLIST_KEY_UISupportedInterfaceOrientations_iPad = "UIInterfaceOrientationPortrait UIInterfaceOrientationPortraitUpsideDown UIInterfaceOrientationLandscapeLeft UIInterfaceOrientationLandscapeRight";
				INFOPLIST_KEY_UISupportedInterfaceOrientations_iPhone = "UIInterfaceOrientationPortrait UIInterfaceOrientationLandscapeLeft UIInterfaceOrientationLandscapeRight";
				IPHONEOS_DEPLOYMENT_TARGET = 15.4;
				LD_RUNPATH_SEARCH_PATHS = (
					"$(inherited)",
					"@executable_path/Frameworks",
				);
				MARKETING_VERSION = 1.0;
				OTHER_LDFLAGS = "-ObjC";
				PRODUCT_BUNDLE_IDENTIFIER = gix.Soda;
				PRODUCT_NAME = Soda;
				SDKROOT = iphoneos;
				SWIFT_EMIT_LOC_STRINGS = YES;
				SWIFT_OBJC_BRIDGING_HEADER = "Soda-Bridging-Header.h";
				SWIFT_VERSION = 5.0;
				TARGETED_DEVICE_FAMILY = "1,2";
			};
			name = Debug;
		};
		1A18282528A76AFD008DB610 /* Release */ = {
			isa = XCBuildConfiguration;
			buildSettings = {
				ASSETCATALOG_COMPILER_APPICON_NAME = AppIcon;
				ASSETCATALOG_COMPILER_GLOBAL_ACCENT_COLOR_NAME = AccentColor;
				CODE_SIGN_STYLE = Automatic;
				CURRENT_PROJECT_VERSION = 1;
				DEVELOPMENT_TEAM = 28Q897DJW4;
				ENABLE_PREVIEWS = YES;
				FRAMEWORK_SEARCH_PATHS = (
					"$(inherited)",
					"$(PROJECT_DIR)",
					"$(PROJECT_DIR)/Shared",
				);
				GENERATE_INFOPLIST_FILE = YES;
				INFOPLIST_KEY_UIApplicationSceneManifest_Generation = YES;
				INFOPLIST_KEY_UIApplicationSupportsIndirectInputEvents = YES;
				INFOPLIST_KEY_UILaunchScreen_Generation = YES;
				INFOPLIST_KEY_UISupportedInterfaceOrientations_iPad = "UIInterfaceOrientationPortrait UIInterfaceOrientationPortraitUpsideDown UIInterfaceOrientationLandscapeLeft UIInterfaceOrientationLandscapeRight";
				INFOPLIST_KEY_UISupportedInterfaceOrientations_iPhone = "UIInterfaceOrientationPortrait UIInterfaceOrientationLandscapeLeft UIInterfaceOrientationLandscapeRight";
				IPHONEOS_DEPLOYMENT_TARGET = 15.4;
				LD_RUNPATH_SEARCH_PATHS = (
					"$(inherited)",
					"@executable_path/Frameworks",
				);
				MARKETING_VERSION = 1.0;
				OTHER_LDFLAGS = "-ObjC";
				PRODUCT_BUNDLE_IDENTIFIER = gix.Soda;
				PRODUCT_NAME = Soda;
				SDKROOT = iphoneos;
				SWIFT_EMIT_LOC_STRINGS = YES;
				SWIFT_OBJC_BRIDGING_HEADER = "Soda-Bridging-Header.h";
				SWIFT_VERSION = 5.0;
				TARGETED_DEVICE_FAMILY = "1,2";
				VALIDATE_PRODUCT = YES;
			};
			name = Release;
		};
		1A18282728A76AFD008DB610 /* Debug */ = {
			isa = XCBuildConfiguration;
			buildSettings = {
				ASSETCATALOG_COMPILER_APPICON_NAME = AppIcon;
				ASSETCATALOG_COMPILER_GLOBAL_ACCENT_COLOR_NAME = AccentColor;
				CODE_SIGN_ENTITLEMENTS = macOS/macOS.entitlements;
				CODE_SIGN_STYLE = Automatic;
				COMBINE_HIDPI_IMAGES = YES;
				CURRENT_PROJECT_VERSION = 1;
				DEVELOPMENT_TEAM = 28Q897DJW4;
				ENABLE_HARDENED_RUNTIME = YES;
				ENABLE_PREVIEWS = YES;
				GENERATE_INFOPLIST_FILE = YES;
				INFOPLIST_KEY_NSHumanReadableCopyright = "";
				LD_RUNPATH_SEARCH_PATHS = (
					"$(inherited)",
					"@executable_path/../Frameworks",
				);
				MACOSX_DEPLOYMENT_TARGET = 12.3;
				MARKETING_VERSION = 1.0;
				PRODUCT_BUNDLE_IDENTIFIER = gix.Soda;
				PRODUCT_NAME = Soda;
				SDKROOT = macosx;
				SWIFT_EMIT_LOC_STRINGS = YES;
				SWIFT_VERSION = 5.0;
			};
			name = Debug;
		};
		1A18282828A76AFD008DB610 /* Release */ = {
			isa = XCBuildConfiguration;
			buildSettings = {
				ASSETCATALOG_COMPILER_APPICON_NAME = AppIcon;
				ASSETCATALOG_COMPILER_GLOBAL_ACCENT_COLOR_NAME = AccentColor;
				CODE_SIGN_ENTITLEMENTS = macOS/macOS.entitlements;
				CODE_SIGN_STYLE = Automatic;
				COMBINE_HIDPI_IMAGES = YES;
				CURRENT_PROJECT_VERSION = 1;
				DEVELOPMENT_TEAM = 28Q897DJW4;
				ENABLE_HARDENED_RUNTIME = YES;
				ENABLE_PREVIEWS = YES;
				GENERATE_INFOPLIST_FILE = YES;
				INFOPLIST_KEY_NSHumanReadableCopyright = "";
				LD_RUNPATH_SEARCH_PATHS = (
					"$(inherited)",
					"@executable_path/../Frameworks",
				);
				MACOSX_DEPLOYMENT_TARGET = 12.3;
				MARKETING_VERSION = 1.0;
				PRODUCT_BUNDLE_IDENTIFIER = gix.Soda;
				PRODUCT_NAME = Soda;
				SDKROOT = macosx;
				SWIFT_EMIT_LOC_STRINGS = YES;
				SWIFT_VERSION = 5.0;
			};
			name = Release;
		};
		1A18282A28A76AFD008DB610 /* Debug */ = {
			isa = XCBuildConfiguration;
			buildSettings = {
				ALWAYS_EMBED_SWIFT_STANDARD_LIBRARIES = YES;
				CODE_SIGN_STYLE = Automatic;
				CURRENT_PROJECT_VERSION = 1;
				DEVELOPMENT_TEAM = 28Q897DJW4;
				GENERATE_INFOPLIST_FILE = YES;
				IPHONEOS_DEPLOYMENT_TARGET = 15.4;
				MARKETING_VERSION = 1.0;
				PRODUCT_BUNDLE_IDENTIFIER = "gix.Tests-iOS";
				PRODUCT_NAME = "$(TARGET_NAME)";
				SDKROOT = iphoneos;
				SWIFT_EMIT_LOC_STRINGS = NO;
				SWIFT_VERSION = 5.0;
				TARGETED_DEVICE_FAMILY = "1,2";
				TEST_TARGET_NAME = "Soda (iOS)";
			};
			name = Debug;
		};
		1A18282B28A76AFD008DB610 /* Release */ = {
			isa = XCBuildConfiguration;
			buildSettings = {
				ALWAYS_EMBED_SWIFT_STANDARD_LIBRARIES = YES;
				CODE_SIGN_STYLE = Automatic;
				CURRENT_PROJECT_VERSION = 1;
				DEVELOPMENT_TEAM = 28Q897DJW4;
				GENERATE_INFOPLIST_FILE = YES;
				IPHONEOS_DEPLOYMENT_TARGET = 15.4;
				MARKETING_VERSION = 1.0;
				PRODUCT_BUNDLE_IDENTIFIER = "gix.Tests-iOS";
				PRODUCT_NAME = "$(TARGET_NAME)";
				SDKROOT = iphoneos;
				SWIFT_EMIT_LOC_STRINGS = NO;
				SWIFT_VERSION = 5.0;
				TARGETED_DEVICE_FAMILY = "1,2";
				TEST_TARGET_NAME = "Soda (iOS)";
				VALIDATE_PRODUCT = YES;
			};
			name = Release;
		};
		1A18282D28A76AFD008DB610 /* Debug */ = {
			isa = XCBuildConfiguration;
			buildSettings = {
				ALWAYS_EMBED_SWIFT_STANDARD_LIBRARIES = YES;
				CODE_SIGN_STYLE = Automatic;
				CURRENT_PROJECT_VERSION = 1;
				DEVELOPMENT_TEAM = 28Q897DJW4;
				GENERATE_INFOPLIST_FILE = YES;
				MACOSX_DEPLOYMENT_TARGET = 12.3;
				MARKETING_VERSION = 1.0;
				PRODUCT_BUNDLE_IDENTIFIER = "gix.Tests-macOS";
				PRODUCT_NAME = "$(TARGET_NAME)";
				SDKROOT = macosx;
				SWIFT_EMIT_LOC_STRINGS = NO;
				SWIFT_VERSION = 5.0;
				TEST_TARGET_NAME = "Soda (macOS)";
			};
			name = Debug;
		};
		1A18282E28A76AFD008DB610 /* Release */ = {
			isa = XCBuildConfiguration;
			buildSettings = {
				ALWAYS_EMBED_SWIFT_STANDARD_LIBRARIES = YES;
				CODE_SIGN_STYLE = Automatic;
				CURRENT_PROJECT_VERSION = 1;
				DEVELOPMENT_TEAM = 28Q897DJW4;
				GENERATE_INFOPLIST_FILE = YES;
				MACOSX_DEPLOYMENT_TARGET = 12.3;
				MARKETING_VERSION = 1.0;
				PRODUCT_BUNDLE_IDENTIFIER = "gix.Tests-macOS";
				PRODUCT_NAME = "$(TARGET_NAME)";
				SDKROOT = macosx;
				SWIFT_EMIT_LOC_STRINGS = NO;
				SWIFT_VERSION = 5.0;
				TEST_TARGET_NAME = "Soda (macOS)";
			};
			name = Release;
		};
/* End XCBuildConfiguration section */

/* Begin XCConfigurationList section */
		1A1827F128A76AFA008DB610 /* Build configuration list for PBXProject "Soda" */ = {
			isa = XCConfigurationList;
			buildConfigurations = (
				1A18282128A76AFD008DB610 /* Debug */,
				1A18282228A76AFD008DB610 /* Release */,
			);
			defaultConfigurationIsVisible = 0;
			defaultConfigurationName = Release;
		};
		1A18282328A76AFD008DB610 /* Build configuration list for PBXNativeTarget "Soda (iOS)" */ = {
			isa = XCConfigurationList;
			buildConfigurations = (
				1A18282428A76AFD008DB610 /* Debug */,
				1A18282528A76AFD008DB610 /* Release */,
			);
			defaultConfigurationIsVisible = 0;
			defaultConfigurationName = Release;
		};
		1A18282628A76AFD008DB610 /* Build configuration list for PBXNativeTarget "Soda (macOS)" */ = {
			isa = XCConfigurationList;
			buildConfigurations = (
				1A18282728A76AFD008DB610 /* Debug */,
				1A18282828A76AFD008DB610 /* Release */,
			);
			defaultConfigurationIsVisible = 0;
			defaultConfigurationName = Release;
		};
		1A18282928A76AFD008DB610 /* Build configuration list for PBXNativeTarget "Tests iOS" */ = {
			isa = XCConfigurationList;
			buildConfigurations = (
				1A18282A28A76AFD008DB610 /* Debug */,
				1A18282B28A76AFD008DB610 /* Release */,
			);
			defaultConfigurationIsVisible = 0;
			defaultConfigurationName = Release;
		};
		1A18282C28A76AFD008DB610 /* Build configuration list for PBXNativeTarget "Tests macOS" */ = {
			isa = XCConfigurationList;
			buildConfigurations = (
				1A18282D28A76AFD008DB610 /* Debug */,
				1A18282E28A76AFD008DB610 /* Release */,
			);
			defaultConfigurationIsVisible = 0;
			defaultConfigurationName = Release;
		};
/* End XCConfigurationList section */
	};
	rootObject = 1A1827EE28A76AFA008DB610 /* Project object */;
}
